// !$*UTF8*$!
{
	archiveVersion = 1;
	classes = {
	};
	objectVersion = 48;
	objects = {

/* Begin PBXBuildFile section */
		838DA87B1FE19D00008CB5B3 /* AppDelegate.swift in Sources */ = {isa = PBXBuildFile; fileRef = 838DA87A1FE19D00008CB5B3 /* AppDelegate.swift */; };
		838DA87D1FE19D00008CB5B3 /* ViewController.swift in Sources */ = {isa = PBXBuildFile; fileRef = 838DA87C1FE19D00008CB5B3 /* ViewController.swift */; };
		838DA8801FE19D00008CB5B3 /* Main.storyboard in Resources */ = {isa = PBXBuildFile; fileRef = 838DA87E1FE19D00008CB5B3 /* Main.storyboard */; };
		838DA8821FE19D00008CB5B3 /* Assets.xcassets in Resources */ = {isa = PBXBuildFile; fileRef = 838DA8811FE19D00008CB5B3 /* Assets.xcassets */; };
		838DA8851FE19D00008CB5B3 /* LaunchScreen.storyboard in Resources */ = {isa = PBXBuildFile; fileRef = 838DA8831FE19D00008CB5B3 /* LaunchScreen.storyboard */; };
		838DA88D1FE1A783008CB5B3 /* UIImage+Extensions.swift in Sources */ = {isa = PBXBuildFile; fileRef = 838DA88C1FE1A783008CB5B3 /* UIImage+Extensions.swift */; };
		83B3E6A81FE2DAE40053DA96 /* FileManager+Extensions.swift in Sources */ = {isa = PBXBuildFile; fileRef = 83B3E6A71FE2DAE40053DA96 /* FileManager+Extensions.swift */; };
		83B3E6AA1FE2E03B0053DA96 /* Utility.swift in Sources */ = {isa = PBXBuildFile; fileRef = 83B3E6A91FE2E03B0053DA96 /* Utility.swift */; };
/* End PBXBuildFile section */

/* Begin PBXFileReference section */
		838DA8771FE19D00008CB5B3 /* SwiftyLegofy.app */ = {isa = PBXFileReference; explicitFileType = wrapper.application; includeInIndex = 0; path = SwiftyLegofy.app; sourceTree = BUILT_PRODUCTS_DIR; };
		838DA87A1FE19D00008CB5B3 /* AppDelegate.swift */ = {isa = PBXFileReference; lastKnownFileType = sourcecode.swift; path = AppDelegate.swift; sourceTree = "<group>"; };
		838DA87C1FE19D00008CB5B3 /* ViewController.swift */ = {isa = PBXFileReference; lastKnownFileType = sourcecode.swift; path = ViewController.swift; sourceTree = "<group>"; };
		838DA87F1FE19D00008CB5B3 /* Base */ = {isa = PBXFileReference; lastKnownFileType = file.storyboard; name = Base; path = Base.lproj/Main.storyboard; sourceTree = "<group>"; };
		838DA8811FE19D00008CB5B3 /* Assets.xcassets */ = {isa = PBXFileReference; lastKnownFileType = folder.assetcatalog; path = Assets.xcassets; sourceTree = "<group>"; };
		838DA8841FE19D00008CB5B3 /* Base */ = {isa = PBXFileReference; lastKnownFileType = file.storyboard; name = Base; path = Base.lproj/LaunchScreen.storyboard; sourceTree = "<group>"; };
		838DA8861FE19D00008CB5B3 /* Info.plist */ = {isa = PBXFileReference; lastKnownFileType = text.plist.xml; path = Info.plist; sourceTree = "<group>"; };
		838DA88C1FE1A783008CB5B3 /* UIImage+Extensions.swift */ = {isa = PBXFileReference; lastKnownFileType = sourcecode.swift; path = "UIImage+Extensions.swift"; sourceTree = "<group>"; };
		83B3E6A71FE2DAE40053DA96 /* FileManager+Extensions.swift */ = {isa = PBXFileReference; lastKnownFileType = sourcecode.swift; path = "FileManager+Extensions.swift"; sourceTree = "<group>"; };
		83B3E6A91FE2E03B0053DA96 /* Utility.swift */ = {isa = PBXFileReference; lastKnownFileType = sourcecode.swift; path = Utility.swift; sourceTree = "<group>"; };
/* End PBXFileReference section */

/* Begin PBXFrameworksBuildPhase section */
		838DA8741FE19D00008CB5B3 /* Frameworks */ = {
			isa = PBXFrameworksBuildPhase;
			buildActionMask = 2147483647;
			files = (
			);
			runOnlyForDeploymentPostprocessing = 0;
		};
/* End PBXFrameworksBuildPhase section */

/* Begin PBXGroup section */
		838DA86E1FE19D00008CB5B3 = {
			isa = PBXGroup;
			children = (
				838DA8791FE19D00008CB5B3 /* SwiftyLegofy */,
				838DA8781FE19D00008CB5B3 /* Products */,
			);
			sourceTree = "<group>";
		};
		838DA8781FE19D00008CB5B3 /* Products */ = {
			isa = PBXGroup;
			children = (
				838DA8771FE19D00008CB5B3 /* SwiftyLegofy.app */,
			);
			name = Products;
			sourceTree = "<group>";
		};
		838DA8791FE19D00008CB5B3 /* SwiftyLegofy */ = {
			isa = PBXGroup;
			children = (
				838DA87A1FE19D00008CB5B3 /* AppDelegate.swift */,
				838DA87C1FE19D00008CB5B3 /* ViewController.swift */,
				838DA88C1FE1A783008CB5B3 /* UIImage+Extensions.swift */,
				83B3E6A71FE2DAE40053DA96 /* FileManager+Extensions.swift */,
				83B3E6A91FE2E03B0053DA96 /* Utility.swift */,
				838DA87E1FE19D00008CB5B3 /* Main.storyboard */,
				838DA8811FE19D00008CB5B3 /* Assets.xcassets */,
				838DA8831FE19D00008CB5B3 /* LaunchScreen.storyboard */,
				838DA8861FE19D00008CB5B3 /* Info.plist */,
			);
			path = SwiftyLegofy;
			sourceTree = "<group>";
		};
/* End PBXGroup section */

/* Begin PBXNativeTarget section */
		838DA8761FE19D00008CB5B3 /* SwiftyLegofy */ = {
			isa = PBXNativeTarget;
			buildConfigurationList = 838DA8891FE19D00008CB5B3 /* Build configuration list for PBXNativeTarget "SwiftyLegofy" */;
			buildPhases = (
				838DA8731FE19D00008CB5B3 /* Sources */,
				838DA8741FE19D00008CB5B3 /* Frameworks */,
				838DA8751FE19D00008CB5B3 /* Resources */,
			);
			buildRules = (
			);
			dependencies = (
			);
			name = SwiftyLegofy;
			productName = SwiftyLegofy;
			productReference = 838DA8771FE19D00008CB5B3 /* SwiftyLegofy.app */;
			productType = "com.apple.product-type.application";
		};
/* End PBXNativeTarget section */

/* Begin PBXProject section */
		838DA86F1FE19D00008CB5B3 /* Project object */ = {
			isa = PBXProject;
			attributes = {
				LastSwiftUpdateCheck = 0920;
				LastUpgradeCheck = 0920;
				ORGANIZATIONNAME = "Oleh Zayats";
				TargetAttributes = {
					838DA8761FE19D00008CB5B3 = {
						CreatedOnToolsVersion = 9.2;
						ProvisioningStyle = Automatic;
					};
				};
			};
			buildConfigurationList = 838DA8721FE19D00008CB5B3 /* Build configuration list for PBXProject "SwiftyLegofy" */;
			compatibilityVersion = "Xcode 8.0";
			developmentRegion = en;
			hasScannedForEncodings = 0;
			knownRegions = (
				en,
				Base,
			);
			mainGroup = 838DA86E1FE19D00008CB5B3;
			productRefGroup = 838DA8781FE19D00008CB5B3 /* Products */;
			projectDirPath = "";
			projectRoot = "";
			targets = (
				838DA8761FE19D00008CB5B3 /* SwiftyLegofy */,
			);
		};
/* End PBXProject section */

/* Begin PBXResourcesBuildPhase section */
		838DA8751FE19D00008CB5B3 /* Resources */ = {
			isa = PBXResourcesBuildPhase;
			buildActionMask = 2147483647;
			files = (
				838DA8851FE19D00008CB5B3 /* LaunchScreen.storyboard in Resources */,
				838DA8821FE19D00008CB5B3 /* Assets.xcassets in Resources */,
				838DA8801FE19D00008CB5B3 /* Main.storyboard in Resources */,
			);
			runOnlyForDeploymentPostprocessing = 0;
		};
/* End PBXResourcesBuildPhase section */

/* Begin PBXSourcesBuildPhase section */
		838DA8731FE19D00008CB5B3 /* Sources */ = {
			isa = PBXSourcesBuildPhase;
			buildActionMask = 2147483647;
			files = (
				83B3E6AA1FE2E03B0053DA96 /* Utility.swift in Sources */,
				838DA88D1FE1A783008CB5B3 /* UIImage+Extensions.swift in Sources */,
				83B3E6A81FE2DAE40053DA96 /* FileManager+Extensions.swift in Sources */,
				838DA87D1FE19D00008CB5B3 /* ViewController.swift in Sources */,
				838DA87B1FE19D00008CB5B3 /* AppDelegate.swift in Sources */,
			);
			runOnlyForDeploymentPostprocessing = 0;
		};
/* End PBXSourcesBuildPhase section */

/* Begin PBXVariantGroup section */
		838DA87E1FE19D00008CB5B3 /* Main.storyboard */ = {
			isa = PBXVariantGroup;
			children = (
				838DA87F1FE19D00008CB5B3 /* Base */,
			);
			name = Main.storyboard;
			sourceTree = "<group>";
		};
		838DA8831FE19D00008CB5B3 /* LaunchScreen.storyboard */ = {
			isa = PBXVariantGroup;
			children = (
				838DA8841FE19D00008CB5B3 /* Base */,
			);
			name = LaunchScreen.storyboard;
			sourceTree = "<group>";
		};
/* End PBXVariantGroup section */

/* Begin XCBuildConfiguration section */
		838DA8871FE19D00008CB5B3 /* Debug */ = {
			isa = XCBuildConfiguration;
			buildSettings = {
				ALWAYS_SEARCH_USER_PATHS = NO;
				CLANG_ANALYZER_NONNULL = YES;
				CLANG_ANALYZER_NUMBER_OBJECT_CONVERSION = YES_AGGRESSIVE;
				CLANG_CXX_LANGUAGE_STANDARD = "gnu++14";
				CLANG_CXX_LIBRARY = "libc++";
				CLANG_ENABLE_MODULES = YES;
				CLANG_ENABLE_OBJC_ARC = YES;
				CLANG_WARN_BLOCK_CAPTURE_AUTORELEASING = YES;
				CLANG_WARN_BOOL_CONVERSION = YES;
				CLANG_WARN_COMMA = YES;
				CLANG_WARN_CONSTANT_CONVERSION = YES;
				CLANG_WARN_DIRECT_OBJC_ISA_USAGE = YES_ERROR;
				CLANG_WARN_DOCUMENTATION_COMMENTS = YES;
				CLANG_WARN_EMPTY_BODY = YES;
				CLANG_WARN_ENUM_CONVERSION = YES;
				CLANG_WARN_INFINITE_RECURSION = YES;
				CLANG_WARN_INT_CONVERSION = YES;
				CLANG_WARN_NON_LITERAL_NULL_CONVERSION = YES;
				CLANG_WARN_OBJC_LITERAL_CONVERSION = YES;
				CLANG_WARN_OBJC_ROOT_CLASS = YES_ERROR;
				CLANG_WARN_RANGE_LOOP_ANALYSIS = YES;
				CLANG_WARN_STRICT_PROTOTYPES = YES;
				CLANG_WARN_SUSPICIOUS_MOVE = YES;
				CLANG_WARN_UNGUARDED_AVAILABILITY = YES_AGGRESSIVE;
				CLANG_WARN_UNREACHABLE_CODE = YES;
				CLANG_WARN__DUPLICATE_METHOD_MATCH = YES;
				CODE_SIGN_IDENTITY = "iPhone Developer";
				COPY_PHASE_STRIP = NO;
				DEBUG_INFORMATION_FORMAT = dwarf;
				ENABLE_STRICT_OBJC_MSGSEND = YES;
				ENABLE_TESTABILITY = YES;
				GCC_C_LANGUAGE_STANDARD = gnu11;
				GCC_DYNAMIC_NO_PIC = NO;
				GCC_NO_COMMON_BLOCKS = YES;
				GCC_OPTIMIZATION_LEVEL = 0;
				GCC_PREPROCESSOR_DEFINITIONS = (
					"DEBUG=1",
					"$(inherited)",
				);
				GCC_WARN_64_TO_32_BIT_CONVERSION = YES;
				GCC_WARN_ABOUT_RETURN_TYPE = YES_ERROR;
				GCC_WARN_UNDECLARED_SELECTOR = YES;
				GCC_WARN_UNINITIALIZED_AUTOS = YES_AGGRESSIVE;
				GCC_WARN_UNUSED_FUNCTION = YES;
				GCC_WARN_UNUSED_VARIABLE = YES;
				IPHONEOS_DEPLOYMENT_TARGET = 11.2;
				MTL_ENABLE_DEBUG_INFO = YES;
				ONLY_ACTIVE_ARCH = YES;
				SDKROOT = iphoneos;
				SWIFT_ACTIVE_COMPILATION_CONDITIONS = DEBUG;
				SWIFT_OPTIMIZATION_LEVEL = "-Onone";
			};
			name = Debug;
		};
		838DA8881FE19D00008CB5B3 /* Release */ = {
			isa = XCBuildConfiguration;
			buildSettings = {
				ALWAYS_SEARCH_USER_PATHS = NO;
				CLANG_ANALYZER_NONNULL = YES;
				CLANG_ANALYZER_NUMBER_OBJECT_CONVERSION = YES_AGGRESSIVE;
				CLANG_CXX_LANGUAGE_STANDARD = "gnu++14";
				CLANG_CXX_LIBRARY = "libc++";
				CLANG_ENABLE_MODULES = YES;
				CLANG_ENABLE_OBJC_ARC = YES;
				CLANG_WARN_BLOCK_CAPTURE_AUTORELEASING = YES;
				CLANG_WARN_BOOL_CONVERSION = YES;
				CLANG_WARN_COMMA = YES;
				CLANG_WARN_CONSTANT_CONVERSION = YES;
				CLANG_WARN_DIRECT_OBJC_ISA_USAGE = YES_ERROR;
				CLANG_WARN_DOCUMENTATION_COMMENTS = YES;
				CLANG_WARN_EMPTY_BODY = YES;
				CLANG_WARN_ENUM_CONVERSION = YES;
				CLANG_WARN_INFINITE_RECURSION = YES;
				CLANG_WARN_INT_CONVERSION = YES;
				CLANG_WARN_NON_LITERAL_NULL_CONVERSION = YES;
				CLANG_WARN_OBJC_LITERAL_CONVERSION = YES;
				CLANG_WARN_OBJC_ROOT_CLASS = YES_ERROR;
				CLANG_WARN_RANGE_LOOP_ANALYSIS = YES;
				CLANG_WARN_STRICT_PROTOTYPES = YES;
				CLANG_WARN_SUSPICIOUS_MOVE = YES;
				CLANG_WARN_UNGUARDED_AVAILABILITY = YES_AGGRESSIVE;
				CLANG_WARN_UNREACHABLE_CODE = YES;
				CLANG_WARN__DUPLICATE_METHOD_MATCH = YES;
				CODE_SIGN_IDENTITY = "iPhone Developer";
				COPY_PHASE_STRIP = NO;
				DEBUG_INFORMATION_FORMAT = "dwarf-with-dsym";
				ENABLE_NS_ASSERTIONS = NO;
				ENABLE_STRICT_OBJC_MSGSEND = YES;
				GCC_C_LANGUAGE_STANDARD = gnu11;
				GCC_NO_COMMON_BLOCKS = YES;
				GCC_WARN_64_TO_32_BIT_CONVERSION = YES;
				GCC_WARN_ABOUT_RETURN_TYPE = YES_ERROR;
				GCC_WARN_UNDECLARED_SELECTOR = YES;
				GCC_WARN_UNINITIALIZED_AUTOS = YES_AGGRESSIVE;
				GCC_WARN_UNUSED_FUNCTION = YES;
				GCC_WARN_UNUSED_VARIABLE = YES;
				IPHONEOS_DEPLOYMENT_TARGET = 11.2;
				MTL_ENABLE_DEBUG_INFO = NO;
				SDKROOT = iphoneos;
				SWIFT_OPTIMIZATION_LEVEL = "-Owholemodule";
				VALIDATE_PRODUCT = YES;
			};
			name = Release;
		};
		838DA88A1FE19D00008CB5B3 /* Debug */ = {
			isa = XCBuildConfiguration;
			buildSettings = {
				ASSETCATALOG_COMPILER_APPICON_NAME = AppIcon;
				CODE_SIGN_STYLE = Automatic;
				DEVELOPMENT_TEAM = D4KRC6LDG7;
				INFOPLIST_FILE = SwiftyLegofy/Info.plist;
				LD_RUNPATH_SEARCH_PATHS = "$(inherited) @executable_path/Frameworks";
				PRODUCT_BUNDLE_IDENTIFIER = ZayatsOleh.SwiftyLegofy;
				PRODUCT_NAME = "$(TARGET_NAME)";
				SWIFT_VERSION = 4.0;
				TARGETED_DEVICE_FAMILY = "1,2";
			};
			name = Debug;
		};
		838DA88B1FE19D00008CB5B3 /* Release */ = {
			isa = XCBuildConfiguration;
			buildSettings = {
				ASSETCATALOG_COMPILER_APPICON_NAME = AppIcon;
				CODE_SIGN_STYLE = Automatic;
				DEVELOPMENT_TEAM = D4KRC6LDG7;
				INFOPLIST_FILE = SwiftyLegofy/Info.plist;
				LD_RUNPATH_SEARCH_PATHS = "$(inherited) @executable_path/Frameworks";
				PRODUCT_BUNDLE_IDENTIFIER = ZayatsOleh.SwiftyLegofy;
				PRODUCT_NAME = "$(TARGET_NAME)";
				SWIFT_VERSION = 4.0;
				TARGETED_DEVICE_FAMILY = "1,2";
			};
			name = Release;
		};
/* End XCBuildConfiguration section */

/* Begin XCConfigurationList section */
		838DA8721FE19D00008CB5B3 /* Build configuration list for PBXProject "SwiftyLegofy" */ = {
			isa = XCConfigurationList;
			buildConfigurations = (
				838DA8871FE19D00008CB5B3 /* Debug */,
				838DA8881FE19D00008CB5B3 /* Release */,
			);
			defaultConfigurationIsVisible = 0;
			defaultConfigurationName = Release;
		};
		838DA8891FE19D00008CB5B3 /* Build configuration list for PBXNativeTarget "SwiftyLegofy" */ = {
			isa = XCConfigurationList;
			buildConfigurations = (
				838DA88A1FE19D00008CB5B3 /* Debug */,
				838DA88B1FE19D00008CB5B3 /* Release */,
			);
			defaultConfigurationIsVisible = 0;
			defaultConfigurationName = Release;
		};
/* End XCConfigurationList section */
	};
	rootObject = 838DA86F1FE19D00008CB5B3 /* Project object */;
}
